# This file was autogenerated by uv via the following command:
#    uv pip compile pyproject.toml --extra mock --python-version 3.11 --universal -o requirements.lock
annotated-doc==0.0.5
    # via fastapi
annotated-types==0.8.0
    # via pydantic
anyio==4.15.1
    # via starlette
certifi==2026.7.22
    # via requests
charset-normalizer==3.5.2
    # via requests
click==8.5.0
    # via uvicorn
fastapi==0.142.2
    # via paper-agent (pyproject.toml)
h11==0.16.0
    # via uvicorn
idna==3.20
    # via
    #   anyio
    #   requests
numpy==2.4.6 ; python_full_version < '3.12'
    # via paper-agent (pyproject.toml)
numpy==2.5.3 ; python_full_version >= '3.12'
    # via paper-agent (pyproject.toml)
opentelemetry-api==1.45.0
    # via fastapi
pydantic==2.13.5
    # via
    #   paper-agent (pyproject.toml)
    #   fastapi
pydantic-core==2.46.5
    # via pydantic
regex==2026.9.29
    # via tiktoken
requests==2.34.2
    # via
    #   paper-agent (pyproject.toml)
    #   tiktoken
starlette==1.7.0
    # via fastapi
tiktoken==0.14.0
    # via paper-agent (pyproject.toml)
typing-extensions==4.16.0
    # via
    #   anyio
    #   fastapi
    #   opentelemetry-api
    #   pydantic
    #   pydantic-core
    #   starlette
    #   typing-inspection
typing-inspection==0.4.4
    # via
    #   fastapi
    #   pydantic
urllib3==2.8.0
    # via requests
uvicorn==0.54.0
    # via paper-agent (pyproject.toml)
